
Microsoft Visual Studio Solution File, Format Version 12.00
# Visual Studio 15
VisualStudioVersion = 15.0.27703.2035
MinimumVisualStudioVersion = 10.0.40219.1
Project("{9A19103F-16F7-4668-BE54-9A1E7A4F7556}") = "EncryptedConfiguration", "EncryptedConfiguration\EncryptedConfiguration.csproj", "{47AD1DED-B58C-4462-AB10-D6E320BCC244}"
EndProject
Project("{9A19103F-16F7-4668-BE54-9A1E7A4F7556}") = "EncryptedSettingsManager", "EncryptedSettingsManager\EncryptedSettingsManager.csproj", "{308B3EAB-FB8A-4B73-82AB-025B4737FE61}"
EndProject
Global
	GlobalSection(SolutionConfigurationPlatforms) = preSolution
		Debug|Any CPU = Debug|Any CPU
		Release|Any CPU = Release|Any CPU
	EndGlobalSection
	GlobalSection(ProjectConfigurationPlatforms) = postSolution
		{47AD1DED-B58C-4462-AB10-D6E320BCC244}.Debug|Any CPU.ActiveCfg = Debug|Any CPU
		{47AD1DED-B58C-4462-AB10-D6E320BCC244}.Debug|Any CPU.Build.0 = Debug|Any CPU
		{47AD1DED-B58C-4462-AB10-D6E320BCC244}.Release|Any CPU.ActiveCfg = Release|Any CPU
		{47AD1DED-B58C-4462-AB10-D6E320BCC244}.Release|Any CPU.Build.0 = Release|Any CPU
		{308B3EAB-FB8A-4B73-82AB-025B4737FE61}.Debug|Any CPU.ActiveCfg = Debug|Any CPU
		{308B3EAB-FB8A-4B73-82AB-025B4737FE61}.Debug|Any CPU.Build.0 = Debug|Any CPU
		{308B3EAB-FB8A-4B73-82AB-025B4737FE61}.Release|Any CPU.ActiveCfg = Release|Any CPU
		{308B3EAB-FB8A-4B73-82AB-025B4737FE61}.Release|Any CPU.Build.0 = Release|Any CPU
	EndGlobalSection
	GlobalSection(SolutionProperties) = preSolution
		HideSolutionNode = FALSE
	EndGlobalSection
	GlobalSection(ExtensibilityGlobals) = postSolution
		SolutionGuid = {02A99395-9984-41F8-A64A-19D70937B141}
	EndGlobalSection
EndGlobal
